
Microsoft Visual Studio Solution File, Format Version 12.00
# Visual Studio Version 16
VisualStudioVersion = 16.0.29905.134
MinimumVisualStudioVersion = 10.0.40219.1
Project("{E24C65DC-7377-472B-9ABA-BC803B73C61A}") = "member", "member\", "{8BED61E0-2944-44A5-A1A9-8522BFFF7724}"
	ProjectSection(WebsiteProperties) = preProject
		TargetFrameworkMoniker = ".NETFramework,Version%3Dv4.7.2"
		Debug.AspNetCompiler.VirtualPath = "/localhost_63996"
		Debug.AspNetCompiler.PhysicalPath = "member\"
		Debug.AspNetCompiler.TargetPath = "PrecompiledWeb\localhost_63996\"
		Debug.AspNetCompiler.Updateable = "true"
		Debug.AspNetCompiler.ForceOverwrite = "true"
		Debug.AspNetCompiler.FixedNames = "false"
		Debug.AspNetCompiler.Debug = "True"
		Release.AspNetCompiler.VirtualPath = "/localhost_63996"
		Release.AspNetCompiler.PhysicalPath = "member\"
		Release.AspNetCompiler.TargetPath = "PrecompiledWeb\localhost_63996\"
		Release.AspNetCompiler.Updateable = "true"
		Release.AspNetCompiler.ForceOverwrite = "true"
		Release.AspNetCompiler.FixedNames = "false"
		Release.AspNetCompiler.Debug = "False"
		VWDPort = "63996"
		SlnRelativePath = "member\"
		DefaultWebSiteLanguage = "Visual C#"
	EndProjectSection
EndProject
Global
	GlobalSection(SolutionConfigurationPlatforms) = preSolution
		Debug|Any CPU = Debug|Any CPU
	EndGlobalSection
	GlobalSection(ProjectConfigurationPlatforms) = postSolution
		{8BED61E0-2944-44A5-A1A9-8522BFFF7724}.Debug|Any CPU.ActiveCfg = Debug|Any CPU
		{8BED61E0-2944-44A5-A1A9-8522BFFF7724}.Debug|Any CPU.Build.0 = Debug|Any CPU
	EndGlobalSection
	GlobalSection(SolutionProperties) = preSolution
		HideSolutionNode = FALSE
	EndGlobalSection
	GlobalSection(ExtensibilityGlobals) = postSolution
		SolutionGuid = {0619988F-99F6-4BE6-A6FA-D51A8274B75C}
	EndGlobalSection
EndGlobal
